
Microsoft Visual Studio Solution File, Format Version 12.00
# Visual Studio Version 16
VisualStudioVersion = 16.0.30309.148
MinimumVisualStudioVersion = 10.0.40219.1
Project("{2150E333-8FDC-42A3-9474-1A3956D46DE8}") = "src", "src", "{A7605D3F-5026-40A4-9EF0-6E87DB36BF9C}"
EndProject
Project("{2150E333-8FDC-42A3-9474-1A3956D46DE8}") = "Services", "Services", "{D0F18205-1DC5-46DC-B288-174B33B48496}"
EndProject
Project("{2150E333-8FDC-42A3-9474-1A3956D46DE8}") = "WebApps", "WebApps", "{B1191537-B77D-4D30-93FD-4820A58B4969}"
EndProject
Project("{2150E333-8FDC-42A3-9474-1A3956D46DE8}") = "GeoIp", "GeoIp", "{5925E448-65E8-491A-AB05-27C15AB76C31}"
EndProject
Project("{2150E333-8FDC-42A3-9474-1A3956D46DE8}") = "Ping", "Ping", "{887621AF-1115-4FDF-B464-610EC56BBA42}"
EndProject
Project("{2150E333-8FDC-42A3-9474-1A3956D46DE8}") = "RDAP", "RDAP", "{7C2AF5D0-D784-4522-80DA-5C2A2A972399}"
EndProject
Project("{2150E333-8FDC-42A3-9474-1A3956D46DE8}") = "ReverseDNS", "ReverseDNS", "{FD126E89-E747-4C02-98EB-192A48533199}"
EndProject
Project("{FAE04EC0-301F-11D3-BF4B-00C04F79EFBC}") = "GeoIP.API", "src\Services\GeoIp\GeoIP.API\GeoIP.API.csproj", "{26A6623C-C2A2-496B-9629-155E9AA4CDA3}"
EndProject
Project("{FAE04EC0-301F-11D3-BF4B-00C04F79EFBC}") = "Ping.API", "src\Services\Ping\Ping.API\Ping.API.csproj", "{89386668-144D-4BFC-B034-EE05ADE07563}"
EndProject
Project("{2150E333-8FDC-42A3-9474-1A3956D46DE8}") = "tests", "tests", "{158CD93D-84B3-4E59-B85E-CB0F64CB3AB9}"
EndProject
Project("{FAE04EC0-301F-11D3-BF4B-00C04F79EFBC}") = "RDAP.API", "src\Services\RDAP\RDAP.API\RDAP.API.csproj", "{B713B20A-AA77-4822-BE13-C2B40618E3D6}"
EndProject
Project("{2150E333-8FDC-42A3-9474-1A3956D46DE8}") = "tests", "tests", "{7C3E39DA-BF59-45CB-A291-4E94AEFE5FC6}"
EndProject
Project("{2150E333-8FDC-42A3-9474-1A3956D46DE8}") = "tests", "tests", "{71316FFE-C8CA-41FC-8FEC-CC20F7B56C40}"
EndProject
Project("{FAE04EC0-301F-11D3-BF4B-00C04F79EFBC}") = "RevDNS.API", "src\Services\ReverseDNS\RevDNS.API\RevDNS.API.csproj", "{4EFC3B86-DA20-4699-90F6-55CF34600F72}"
EndProject
Project("{2150E333-8FDC-42A3-9474-1A3956D46DE8}") = "tests", "tests", "{773FAAB3-0E61-4D19-B2BA-96D290F24922}"
EndProject
Project("{2150E333-8FDC-42A3-9474-1A3956D46DE8}") = "ApiGateways", "ApiGateways", "{451E30F6-D7FF-46B9-8C27-C32D822E6B89}"
EndProject
Project("{FAE04EC0-301F-11D3-BF4B-00C04F79EFBC}") = "Web.Api.HttpAggregator", "src\ApiGateways\Web.Api.HttpAggregator\Web.Api.HttpAggregator.csproj", "{74694302-AF3B-4AC8-8F7B-F9B4276F74B1}"
EndProject
Project("{2150E333-8FDC-42A3-9474-1A3956D46DE8}") = "Common", "Common", "{984CE29B-C0BE-4031-9CE9-9D351C5EAED1}"
EndProject
Project("{2150E333-8FDC-42A3-9474-1A3956D46DE8}") = "UtilsLib", "UtilsLib", "{5E1129F5-CAB6-4D43-923D-5E176BA5C88B}"
EndProject
Project("{2150E333-8FDC-42A3-9474-1A3956D46DE8}") = "ModelsLib", "ModelsLib", "{8237416E-3313-4C6D-83FE-01F6FD20C3F7}"
EndProject
Project("{FAE04EC0-301F-11D3-BF4B-00C04F79EFBC}") = "ModelsClassLib", "src\Common\ModelsClassLib\ModelsClassLib.csproj", "{506348A5-35E5-43AA-B1AF-D37A4B97A4D3}"
EndProject
Global
	GlobalSection(SolutionConfigurationPlatforms) = preSolution
		Debug|Any CPU = Debug|Any CPU
		Release|Any CPU = Release|Any CPU
	EndGlobalSection
	GlobalSection(ProjectConfigurationPlatforms) = postSolution
		{26A6623C-C2A2-496B-9629-155E9AA4CDA3}.Debug|Any CPU.ActiveCfg = Debug|Any CPU
		{26A6623C-C2A2-496B-9629-155E9AA4CDA3}.Debug|Any CPU.Build.0 = Debug|Any CPU
		{26A6623C-C2A2-496B-9629-155E9AA4CDA3}.Release|Any CPU.ActiveCfg = Release|Any CPU
		{26A6623C-C2A2-496B-9629-155E9AA4CDA3}.Release|Any CPU.Build.0 = Release|Any CPU
		{89386668-144D-4BFC-B034-EE05ADE07563}.Debug|Any CPU.ActiveCfg = Debug|Any CPU
		{89386668-144D-4BFC-B034-EE05ADE07563}.Debug|Any CPU.Build.0 = Debug|Any CPU
		{89386668-144D-4BFC-B034-EE05ADE07563}.Release|Any CPU.ActiveCfg = Release|Any CPU
		{89386668-144D-4BFC-B034-EE05ADE07563}.Release|Any CPU.Build.0 = Release|Any CPU
		{B713B20A-AA77-4822-BE13-C2B40618E3D6}.Debug|Any CPU.ActiveCfg = Debug|Any CPU
		{B713B20A-AA77-4822-BE13-C2B40618E3D6}.Debug|Any CPU.Build.0 = Debug|Any CPU
		{B713B20A-AA77-4822-BE13-C2B40618E3D6}.Release|Any CPU.ActiveCfg = Release|Any CPU
		{B713B20A-AA77-4822-BE13-C2B40618E3D6}.Release|Any CPU.Build.0 = Release|Any CPU
		{4EFC3B86-DA20-4699-90F6-55CF34600F72}.Debug|Any CPU.ActiveCfg = Debug|Any CPU
		{4EFC3B86-DA20-4699-90F6-55CF34600F72}.Debug|Any CPU.Build.0 = Debug|Any CPU
		{4EFC3B86-DA20-4699-90F6-55CF34600F72}.Release|Any CPU.ActiveCfg = Release|Any CPU
		{4EFC3B86-DA20-4699-90F6-55CF34600F72}.Release|Any CPU.Build.0 = Release|Any CPU
		{74694302-AF3B-4AC8-8F7B-F9B4276F74B1}.Debug|Any CPU.ActiveCfg = Debug|Any CPU
		{74694302-AF3B-4AC8-8F7B-F9B4276F74B1}.Debug|Any CPU.Build.0 = Debug|Any CPU
		{74694302-AF3B-4AC8-8F7B-F9B4276F74B1}.Release|Any CPU.ActiveCfg = Release|Any CPU
		{74694302-AF3B-4AC8-8F7B-F9B4276F74B1}.Release|Any CPU.Build.0 = Release|Any CPU
		{506348A5-35E5-43AA-B1AF-D37A4B97A4D3}.Debug|Any CPU.ActiveCfg = Debug|Any CPU
		{506348A5-35E5-43AA-B1AF-D37A4B97A4D3}.Debug|Any CPU.Build.0 = Debug|Any CPU
		{506348A5-35E5-43AA-B1AF-D37A4B97A4D3}.Release|Any CPU.ActiveCfg = Release|Any CPU
		{506348A5-35E5-43AA-B1AF-D37A4B97A4D3}.Release|Any CPU.Build.0 = Release|Any CPU
	EndGlobalSection
	GlobalSection(SolutionProperties) = preSolution
		HideSolutionNode = FALSE
	EndGlobalSection
	GlobalSection(NestedProjects) = preSolution
		{D0F18205-1DC5-46DC-B288-174B33B48496} = {A7605D3F-5026-40A4-9EF0-6E87DB36BF9C}
		{B1191537-B77D-4D30-93FD-4820A58B4969} = {A7605D3F-5026-40A4-9EF0-6E87DB36BF9C}
		{5925E448-65E8-491A-AB05-27C15AB76C31} = {D0F18205-1DC5-46DC-B288-174B33B48496}
		{887621AF-1115-4FDF-B464-610EC56BBA42} = {D0F18205-1DC5-46DC-B288-174B33B48496}
		{7C2AF5D0-D784-4522-80DA-5C2A2A972399} = {D0F18205-1DC5-46DC-B288-174B33B48496}
		{FD126E89-E747-4C02-98EB-192A48533199} = {D0F18205-1DC5-46DC-B288-174B33B48496}
		{26A6623C-C2A2-496B-9629-155E9AA4CDA3} = {5925E448-65E8-491A-AB05-27C15AB76C31}
		{89386668-144D-4BFC-B034-EE05ADE07563} = {887621AF-1115-4FDF-B464-610EC56BBA42}
		{158CD93D-84B3-4E59-B85E-CB0F64CB3AB9} = {5925E448-65E8-491A-AB05-27C15AB76C31}
		{B713B20A-AA77-4822-BE13-C2B40618E3D6} = {7C2AF5D0-D784-4522-80DA-5C2A2A972399}
		{7C3E39DA-BF59-45CB-A291-4E94AEFE5FC6} = {7C2AF5D0-D784-4522-80DA-5C2A2A972399}
		{71316FFE-C8CA-41FC-8FEC-CC20F7B56C40} = {FD126E89-E747-4C02-98EB-192A48533199}
		{4EFC3B86-DA20-4699-90F6-55CF34600F72} = {FD126E89-E747-4C02-98EB-192A48533199}
		{773FAAB3-0E61-4D19-B2BA-96D290F24922} = {887621AF-1115-4FDF-B464-610EC56BBA42}
		{451E30F6-D7FF-46B9-8C27-C32D822E6B89} = {A7605D3F-5026-40A4-9EF0-6E87DB36BF9C}
		{74694302-AF3B-4AC8-8F7B-F9B4276F74B1} = {451E30F6-D7FF-46B9-8C27-C32D822E6B89}
		{984CE29B-C0BE-4031-9CE9-9D351C5EAED1} = {A7605D3F-5026-40A4-9EF0-6E87DB36BF9C}
		{5E1129F5-CAB6-4D43-923D-5E176BA5C88B} = {984CE29B-C0BE-4031-9CE9-9D351C5EAED1}
		{8237416E-3313-4C6D-83FE-01F6FD20C3F7} = {984CE29B-C0BE-4031-9CE9-9D351C5EAED1}
		{506348A5-35E5-43AA-B1AF-D37A4B97A4D3} = {8237416E-3313-4C6D-83FE-01F6FD20C3F7}
	EndGlobalSection
	GlobalSection(ExtensibilityGlobals) = postSolution
		SolutionGuid = {F8FF7EF6-D003-4D81-86B0-7DE18C974773}
	EndGlobalSection
EndGlobal
